
Microsoft Visual Studio Solution File, Format Version 12.00
# Visual Studio Version 16
VisualStudioVersion = 16.0.28803.202
MinimumVisualStudioVersion = 10.0.40219.1
Project("{2150E333-8FDC-42A3-9474-1A3956D46DE8}") = "Source", "Source", "{5A8ED52E-C9B0-43DE-A5A7-AD6E91E20CA9}"
EndProject
Project("{2150E333-8FDC-42A3-9474-1A3956D46DE8}") = "Domain", "Domain", "{ADD39798-5EAD-4DF8-BCBB-287C1A8C3A84}"
EndProject
Project("{9A19103F-16F7-4668-BE54-9A1E7A4F7556}") = "MMWebAPI.Domain", "Source\Domain\MMWebAPI.Domain\MMWebAPI.Domain.csproj", "{600AC6B8-EB38-431E-BBBD-C2CF81820D36}"
EndProject
Project("{2150E333-8FDC-42A3-9474-1A3956D46DE8}") = "Test", "Test", "{486C3E4A-2753-4C47-B6E7-23E92EADB79A}"
EndProject
Project("{9A19103F-16F7-4668-BE54-9A1E7A4F7556}") = "DomainTest", "Test\Domain\DomainTest\DomainTest.csproj", "{8C13E93A-ABF3-465E-A66D-2E3B98FBFF47}"
EndProject
Project("{2150E333-8FDC-42A3-9474-1A3956D46DE8}") = "Application", "Application", "{5ACDFFF0-2D62-44F1-BA9D-6716201D08FD}"
EndProject
Project("{2150E333-8FDC-42A3-9474-1A3956D46DE8}") = "Infrastructure", "Infrastructure", "{0EB43100-FF0F-4C99-9AB3-460EB1A1E322}"
EndProject
Project("{9A19103F-16F7-4668-BE54-9A1E7A4F7556}") = "MMWebAPI.Infrastructure.IoC", "Source\Infrastructure\MMWebAPI.Infrastructure.IoC\MMWebAPI.Infrastructure.IoC.csproj", "{BB15C59F-9DED-4B53-8CD7-ABB9651AE789}"
EndProject
Project("{9A19103F-16F7-4668-BE54-9A1E7A4F7556}") = "MMWebAPI.WebAPI", "Source\Application\MMWebAPI.WebAPI\MMWebAPI.WebAPI.csproj", "{F6CFC062-A5DC-4CF8-A34D-1606ACDB45EC}"
EndProject
Project("{9A19103F-16F7-4668-BE54-9A1E7A4F7556}") = "MMWebAPI.Application", "Source\Application\MMWebApi.Application\MMWebAPI.Application.csproj", "{4B1DDF77-6A5E-44F4-9EFF-06A81AAB0FB6}"
EndProject
Project("{9A19103F-16F7-4668-BE54-9A1E7A4F7556}") = "MMWebAPI.Infrastructure.Repository", "Source\Infrastructure\MMWebAPI.Infrastructure.Repository\MMWebAPI.Infrastructure.Repository.csproj", "{09C0851C-E0C7-496D-B125-96D39D3EA6C0}"
EndProject
Global
	GlobalSection(SolutionConfigurationPlatforms) = preSolution
		Debug|Any CPU = Debug|Any CPU
		Release|Any CPU = Release|Any CPU
	EndGlobalSection
	GlobalSection(ProjectConfigurationPlatforms) = postSolution
		{600AC6B8-EB38-431E-BBBD-C2CF81820D36}.Debug|Any CPU.ActiveCfg = Debug|Any CPU
		{600AC6B8-EB38-431E-BBBD-C2CF81820D36}.Debug|Any CPU.Build.0 = Debug|Any CPU
		{600AC6B8-EB38-431E-BBBD-C2CF81820D36}.Release|Any CPU.ActiveCfg = Release|Any CPU
		{600AC6B8-EB38-431E-BBBD-C2CF81820D36}.Release|Any CPU.Build.0 = Release|Any CPU
		{8C13E93A-ABF3-465E-A66D-2E3B98FBFF47}.Debug|Any CPU.ActiveCfg = Debug|Any CPU
		{8C13E93A-ABF3-465E-A66D-2E3B98FBFF47}.Debug|Any CPU.Build.0 = Debug|Any CPU
		{8C13E93A-ABF3-465E-A66D-2E3B98FBFF47}.Release|Any CPU.ActiveCfg = Release|Any CPU
		{8C13E93A-ABF3-465E-A66D-2E3B98FBFF47}.Release|Any CPU.Build.0 = Release|Any CPU
		{BB15C59F-9DED-4B53-8CD7-ABB9651AE789}.Debug|Any CPU.ActiveCfg = Debug|Any CPU
		{BB15C59F-9DED-4B53-8CD7-ABB9651AE789}.Debug|Any CPU.Build.0 = Debug|Any CPU
		{BB15C59F-9DED-4B53-8CD7-ABB9651AE789}.Release|Any CPU.ActiveCfg = Release|Any CPU
		{BB15C59F-9DED-4B53-8CD7-ABB9651AE789}.Release|Any CPU.Build.0 = Release|Any CPU
		{F6CFC062-A5DC-4CF8-A34D-1606ACDB45EC}.Debug|Any CPU.ActiveCfg = Debug|Any CPU
		{F6CFC062-A5DC-4CF8-A34D-1606ACDB45EC}.Debug|Any CPU.Build.0 = Debug|Any CPU
		{F6CFC062-A5DC-4CF8-A34D-1606ACDB45EC}.Release|Any CPU.ActiveCfg = Release|Any CPU
		{F6CFC062-A5DC-4CF8-A34D-1606ACDB45EC}.Release|Any CPU.Build.0 = Release|Any CPU
		{4B1DDF77-6A5E-44F4-9EFF-06A81AAB0FB6}.Debug|Any CPU.ActiveCfg = Debug|Any CPU
		{4B1DDF77-6A5E-44F4-9EFF-06A81AAB0FB6}.Debug|Any CPU.Build.0 = Debug|Any CPU
		{4B1DDF77-6A5E-44F4-9EFF-06A81AAB0FB6}.Release|Any CPU.ActiveCfg = Release|Any CPU
		{4B1DDF77-6A5E-44F4-9EFF-06A81AAB0FB6}.Release|Any CPU.Build.0 = Release|Any CPU
		{09C0851C-E0C7-496D-B125-96D39D3EA6C0}.Debug|Any CPU.ActiveCfg = Debug|Any CPU
		{09C0851C-E0C7-496D-B125-96D39D3EA6C0}.Debug|Any CPU.Build.0 = Debug|Any CPU
		{09C0851C-E0C7-496D-B125-96D39D3EA6C0}.Release|Any CPU.ActiveCfg = Release|Any CPU
		{09C0851C-E0C7-496D-B125-96D39D3EA6C0}.Release|Any CPU.Build.0 = Release|Any CPU
	EndGlobalSection
	GlobalSection(SolutionProperties) = preSolution
		HideSolutionNode = FALSE
	EndGlobalSection
	GlobalSection(NestedProjects) = preSolution
		{ADD39798-5EAD-4DF8-BCBB-287C1A8C3A84} = {5A8ED52E-C9B0-43DE-A5A7-AD6E91E20CA9}
		{600AC6B8-EB38-431E-BBBD-C2CF81820D36} = {ADD39798-5EAD-4DF8-BCBB-287C1A8C3A84}
		{8C13E93A-ABF3-465E-A66D-2E3B98FBFF47} = {486C3E4A-2753-4C47-B6E7-23E92EADB79A}
		{5ACDFFF0-2D62-44F1-BA9D-6716201D08FD} = {5A8ED52E-C9B0-43DE-A5A7-AD6E91E20CA9}
		{0EB43100-FF0F-4C99-9AB3-460EB1A1E322} = {5A8ED52E-C9B0-43DE-A5A7-AD6E91E20CA9}
		{BB15C59F-9DED-4B53-8CD7-ABB9651AE789} = {0EB43100-FF0F-4C99-9AB3-460EB1A1E322}
		{F6CFC062-A5DC-4CF8-A34D-1606ACDB45EC} = {5ACDFFF0-2D62-44F1-BA9D-6716201D08FD}
		{4B1DDF77-6A5E-44F4-9EFF-06A81AAB0FB6} = {5ACDFFF0-2D62-44F1-BA9D-6716201D08FD}
		{09C0851C-E0C7-496D-B125-96D39D3EA6C0} = {0EB43100-FF0F-4C99-9AB3-460EB1A1E322}
	EndGlobalSection
	GlobalSection(ExtensibilityGlobals) = postSolution
		SolutionGuid = {5FE05291-6338-4BC3-BDE7-13AA011F9098}
	EndGlobalSection
EndGlobal
